// !$*UTF8*$!
{
	archiveVersion = 1;
	classes = {
	};
	objectVersion = 46;
	objects = {

/* Begin PBXBuildFile section */
		67643C221B6C82DC00D0807D /* AppDelegate.swift in Sources */ = {isa = PBXBuildFile; fileRef = 67643C211B6C82DC00D0807D /* AppDelegate.swift */; };
		67643C241B6C82DC00D0807D /* ViewController.swift in Sources */ = {isa = PBXBuildFile; fileRef = 67643C231B6C82DC00D0807D /* ViewController.swift */; };
		67643C271B6C82DC00D0807D /* Main.storyboard in Resources */ = {isa = PBXBuildFile; fileRef = 67643C251B6C82DC00D0807D /* Main.storyboard */; };
		67643C291B6C82DC00D0807D /* Images.xcassets in Resources */ = {isa = PBXBuildFile; fileRef = 67643C281B6C82DC00D0807D /* Images.xcassets */; };
		67643C2C1B6C82DC00D0807D /* LaunchScreen.xib in Resources */ = {isa = PBXBuildFile; fileRef = 67643C2A1B6C82DC00D0807D /* LaunchScreen.xib */; };
		67643C381B6C82DC00D0807D /* HackathonDemosTests.swift in Sources */ = {isa = PBXBuildFile; fileRef = 67643C371B6C82DC00D0807D /* HackathonDemosTests.swift */; };
/* End PBXBuildFile section */

/* Begin PBXContainerItemProxy section */
		67643C321B6C82DC00D0807D /* PBXContainerItemProxy */ = {
			isa = PBXContainerItemProxy;
			containerPortal = 67643C141B6C82DC00D0807D /* Project object */;
			proxyType = 1;
			remoteGlobalIDString = 67643C1B1B6C82DC00D0807D;
			remoteInfo = HackathonDemos;
		};
/* End PBXContainerItemProxy section */

/* Begin PBXFileReference section */
		67643C1C1B6C82DC00D0807D /* HackathonDemos.app */ = {isa = PBXFileReference; explicitFileType = wrapper.application; includeInIndex = 0; path = HackathonDemos.app; sourceTree = BUILT_PRODUCTS_DIR; };
		67643C201B6C82DC00D0807D /* Info.plist */ = {isa = PBXFileReference; lastKnownFileType = text.plist.xml; path = Info.plist; sourceTree = "<group>"; };
		67643C211B6C82DC00D0807D /* AppDelegate.swift */ = {isa = PBXFileReference; lastKnownFileType = sourcecode.swift; path = AppDelegate.swift; sourceTree = "<group>"; };
		67643C231B6C82DC00D0807D /* ViewController.swift */ = {isa = PBXFileReference; lastKnownFileType = sourcecode.swift; path = ViewController.swift; sourceTree = "<group>"; };
		67643C261B6C82DC00D0807D /* Base */ = {isa = PBXFileReference; lastKnownFileType = file.storyboard; name = Base; path = Base.lproj/Main.storyboard; sourceTree = "<group>"; };
		67643C281B6C82DC00D0807D /* Images.xcassets */ = {isa = PBXFileReference; lastKnownFileType = folder.assetcatalog; path = Images.xcassets; sourceTree = "<group>"; };
		67643C2B1B6C82DC00D0807D /* Base */ = {isa = PBXFileReference; lastKnownFileType = file.xib; name = Base; path = Base.lproj/LaunchScreen.xib; sourceTree = "<group>"; };
		67643C311B6C82DC00D0807D /* HackathonDemosTests.xctest */ = {isa = PBXFileReference; explicitFileType = wrapper.cfbundle; includeInIndex = 0; path = HackathonDemosTests.xctest; sourceTree = BUILT_PRODUCTS_DIR; };
		67643C361B6C82DC00D0807D /* Info.plist */ = {isa = PBXFileReference; lastKnownFileType = text.plist.xml; path = Info.plist; sourceTree = "<group>"; };
		67643C371B6C82DC00D0807D /* HackathonDemosTests.swift */ = {isa = PBXFileReference; lastKnownFileType = sourcecode.swift; path = HackathonDemosTests.swift; sourceTree = "<group>"; };
/* End PBXFileReference section */

/* Begin PBXFrameworksBuildPhase section */
		67643C191B6C82DC00D0807D /* Frameworks */ = {
			isa = PBXFrameworksBuildPhase;
			buildActionMask = 2147483647;
			files = (
			);
			runOnlyForDeploymentPostprocessing = 0;
		};
		67643C2E1B6C82DC00D0807D /* Frameworks */ = {
			isa = PBXFrameworksBuildPhase;
			buildActionMask = 2147483647;
			files = (
			);
			runOnlyForDeploymentPostprocessing = 0;
		};
/* End PBXFrameworksBuildPhase section */

/* Begin PBXGroup section */
		67643C131B6C82DC00D0807D = {
			isa = PBXGroup;
			children = (
				67643C1E1B6C82DC00D0807D /* HackathonDemos */,
				67643C341B6C82DC00D0807D /* HackathonDemosTests */,
				67643C1D1B6C82DC00D0807D /* Products */,
			);
			sourceTree = "<group>";
		};
		67643C1D1B6C82DC00D0807D /* Products */ = {
			isa = PBXGroup;
			children = (
				67643C1C1B6C82DC00D0807D /* HackathonDemos.app */,
				67643C311B6C82DC00D0807D /* HackathonDemosTests.xctest */,
			);
			name = Products;
			sourceTree = "<group>";
		};
		67643C1E1B6C82DC00D0807D /* HackathonDemos */ = {
			isa = PBXGroup;
			children = (
				67643C211B6C82DC00D0807D /* AppDelegate.swift */,
				67643C231B6C82DC00D0807D /* ViewController.swift */,
				67643C251B6C82DC00D0807D /* Main.storyboard */,
				67643C281B6C82DC00D0807D /* Images.xcassets */,
				67643C2A1B6C82DC00D0807D /* LaunchScreen.xib */,
				67643C1F1B6C82DC00D0807D /* Supporting Files */,
			);
			path = HackathonDemos;
			sourceTree = "<group>";
		};
		67643C1F1B6C82DC00D0807D /* Supporting Files */ = {
			isa = PBXGroup;
			children = (
				67643C201B6C82DC00D0807D /* Info.plist */,
			);
			name = "Supporting Files";
			sourceTree = "<group>";
		};
		67643C341B6C82DC00D0807D /* HackathonDemosTests */ = {
			isa = PBXGroup;
			children = (
				67643C371B6C82DC00D0807D /* HackathonDemosTests.swift */,
				67643C351B6C82DC00D0807D /* Supporting Files */,
			);
			path = HackathonDemosTests;
			sourceTree = "<group>";
		};
		67643C351B6C82DC00D0807D /* Supporting Files */ = {
			isa = PBXGroup;
			children = (
				67643C361B6C82DC00D0807D /* Info.plist */,
			);
			name = "Supporting Files";
			sourceTree = "<group>";
		};
/* End PBXGroup section */

/* Begin PBXNativeTarget section */
		67643C1B1B6C82DC00D0807D /* HackathonDemos */ = {
			isa = PBXNativeTarget;
			buildConfigurationList = 67643C3B1B6C82DC00D0807D /* Build configuration list for PBXNativeTarget "HackathonDemos" */;
			buildPhases = (
				67643C181B6C82DC00D0807D /* Sources */,
				67643C191B6C82DC00D0807D /* Frameworks */,
				67643C1A1B6C82DC00D0807D /* Resources */,
			);
			buildRules = (
			);
			dependencies = (
			);
			name = HackathonDemos;
			productName = HackathonDemos;
			productReference = 67643C1C1B6C82DC00D0807D /* HackathonDemos.app */;
			productType = "com.apple.product-type.application";
		};
		67643C301B6C82DC00D0807D /* HackathonDemosTests */ = {
			isa = PBXNativeTarget;
			buildConfigurationList = 67643C3E1B6C82DC00D0807D /* Build configuration list for PBXNativeTarget "HackathonDemosTests" */;
			buildPhases = (
				67643C2D1B6C82DC00D0807D /* Sources */,
				67643C2E1B6C82DC00D0807D /* Frameworks */,
				67643C2F1B6C82DC00D0807D /* Resources */,
			);
			buildRules = (
			);
			dependencies = (
				67643C331B6C82DC00D0807D /* PBXTargetDependency */,
			);
			name = HackathonDemosTests;
			productName = HackathonDemosTests;
			productReference = 67643C311B6C82DC00D0807D /* HackathonDemosTests.xctest */;
			productType = "com.apple.product-type.bundle.unit-test";
		};
/* End PBXNativeTarget section */

/* Begin PBXProject section */
		67643C141B6C82DC00D0807D /* Project object */ = {
			isa = PBXProject;
			attributes = {
				LastUpgradeCheck = 0640;
				ORGANIZATIONNAME = DhruvShah;
				TargetAttributes = {
					67643C1B1B6C82DC00D0807D = {
						CreatedOnToolsVersion = 6.4;
					};
					67643C301B6C82DC00D0807D = {
						CreatedOnToolsVersion = 6.4;
						TestTargetID = 67643C1B1B6C82DC00D0807D;
					};
				};
			};
			buildConfigurationList = 67643C171B6C82DC00D0807D /* Build configuration list for PBXProject "HackathonDemos" */;
			compatibilityVersion = "Xcode 3.2";
			developmentRegion = English;
			hasScannedForEncodings = 0;
			knownRegions = (
				en,
				Base,
			);
			mainGroup = 67643C131B6C82DC00D0807D;
			productRefGroup = 67643C1D1B6C82DC00D0807D /* Products */;
			projectDirPath = "";
			projectRoot = "";
			targets = (
				67643C1B1B6C82DC00D0807D /* HackathonDemos */,
				67643C301B6C82DC00D0807D /* HackathonDemosTests */,
			);
		};
/* End PBXProject section */

/* Begin PBXResourcesBuildPhase section */
		67643C1A1B6C82DC00D0807D /* Resources */ = {
			isa = PBXResourcesBuildPhase;
			buildActionMask = 2147483647;
			files = (
				67643C271B6C82DC00D0807D /* Main.storyboard in Resources */,
				67643C2C1B6C82DC00D0807D /* LaunchScreen.xib in Resources */,
				67643C291B6C82DC00D0807D /* Images.xcassets in Resources */,
			);
			runOnlyForDeploymentPostprocessing = 0;
		};
		67643C2F1B6C82DC00D0807D /* Resources */ = {
			isa = PBXResourcesBuildPhase;
			buildActionMask = 2147483647;
			files = (
			);
			runOnlyForDeploymentPostprocessing = 0;
		};
/* End PBXResourcesBuildPhase section */

/* Begin PBXSourcesBuildPhase section */
		67643C181B6C82DC00D0807D /* Sources */ = {
			isa = PBXSourcesBuildPhase;
			buildActionMask = 2147483647;
			files = (
				67643C241B6C82DC00D0807D /* ViewController.swift in Sources */,
				67643C221B6C82DC00D0807D /* AppDelegate.swift in Sources */,
			);
			runOnlyForDeploymentPostprocessing = 0;
		};
		67643C2D1B6C82DC00D0807D /* Sources */ = {
			isa = PBXSourcesBuildPhase;
			buildActionMask = 2147483647;
			files = (
				67643C381B6C82DC00D0807D /* HackathonDemosTests.swift in Sources */,
			);
			runOnlyForDeploymentPostprocessing = 0;
		};
/* End PBXSourcesBuildPhase section */

/* Begin PBXTargetDependency section */
		67643C331B6C82DC00D0807D /* PBXTargetDependency */ = {
			isa = PBXTargetDependency;
			target = 67643C1B1B6C82DC00D0807D /* HackathonDemos */;
			targetProxy = 67643C321B6C82DC00D0807D /* PBXContainerItemProxy */;
		};
/* End PBXTargetDependency section */

/* Begin PBXVariantGroup section */
		67643C251B6C82DC00D0807D /* Main.storyboard */ = {
			isa = PBXVariantGroup;
			children = (
				67643C261B6C82DC00D0807D /* Base */,
			);
			name = Main.storyboard;
			sourceTree = "<group>";
		};
		67643C2A1B6C82DC00D0807D /* LaunchScreen.xib */ = {
			isa = PBXVariantGroup;
			children = (
				67643C2B1B6C82DC00D0807D /* Base */,
			);
			name = LaunchScreen.xib;
			sourceTree = "<group>";
		};
/* End PBXVariantGroup section */

/* Begin XCBuildConfiguration section */
		67643C391B6C82DC00D0807D /* Debug */ = {
			isa = XCBuildConfiguration;
			buildSettings = {
				ALWAYS_SEARCH_USER_PATHS = NO;
				CLANG_CXX_LANGUAGE_STANDARD = "gnu++0x";
				CLANG_CXX_LIBRARY = "libc++";
				CLANG_ENABLE_MODULES = YES;
				CLANG_ENABLE_OBJC_ARC = YES;
				CLANG_WARN_BOOL_CONVERSION = YES;
				CLANG_WARN_CONSTANT_CONVERSION = YES;
				CLANG_WARN_DIRECT_OBJC_ISA_USAGE = YES_ERROR;
				CLANG_WARN_EMPTY_BODY = YES;
				CLANG_WARN_ENUM_CONVERSION = YES;
				CLANG_WARN_INT_CONVERSION = YES;
				CLANG_WARN_OBJC_ROOT_CLASS = YES_ERROR;
				CLANG_WARN_UNREACHABLE_CODE = YES;
				CLANG_WARN__DUPLICATE_METHOD_MATCH = YES;
				"CODE_SIGN_IDENTITY[sdk=iphoneos*]" = "iPhone Developer";
				COPY_PHASE_STRIP = NO;
				DEBUG_INFORMATION_FORMAT = "dwarf-with-dsym";
				ENABLE_STRICT_OBJC_MSGSEND = YES;
				GCC_C_LANGUAGE_STANDARD = gnu99;
				GCC_DYNAMIC_NO_PIC = NO;
				GCC_NO_COMMON_BLOCKS = YES;
				GCC_OPTIMIZATION_LEVEL = 0;
				GCC_PREPROCESSOR_DEFINITIONS = (
					"DEBUG=1",
					"$(inherited)",
				);
				GCC_SYMBOLS_PRIVATE_EXTERN = NO;
				GCC_WARN_64_TO_32_BIT_CONVERSION = YES;
				GCC_WARN_ABOUT_RETURN_TYPE = YES_ERROR;
				GCC_WARN_UNDECLARED_SELECTOR = YES;
				GCC_WARN_UNINITIALIZED_AUTOS = YES_AGGRESSIVE;
				GCC_WARN_UNUSED_FUNCTION = YES;
				GCC_WARN_UNUSED_VARIABLE = YES;
				IPHONEOS_DEPLOYMENT_TARGET = 8.4;
				MTL_ENABLE_DEBUG_INFO = YES;
				ONLY_ACTIVE_ARCH = YES;
				SDKROOT = iphoneos;
				SWIFT_OPTIMIZATION_LEVEL = "-Onone";
				TARGETED_DEVICE_FAMILY = "1,2";
			};
			name = Debug;
		};
		67643C3A1B6C82DC00D0807D /* Release */ = {
			isa = XCBuildConfiguration;
			buildSettings = {
				ALWAYS_SEARCH_USER_PATHS = NO;
				CLANG_CXX_LANGUAGE_STANDARD = "gnu++0x";
				CLANG_CXX_LIBRARY = "libc++";
				CLANG_ENABLE_MODULES = YES;
				CLANG_ENABLE_OBJC_ARC = YES;
				CLANG_WARN_BOOL_CONVERSION = YES;
				CLANG_WARN_CONSTANT_CONVERSION = YES;
				CLANG_WARN_DIRECT_OBJC_ISA_USAGE = YES_ERROR;
				CLANG_WARN_EMPTY_BODY = YES;
				CLANG_WARN_ENUM_CONVERSION = YES;
				CLANG_WARN_INT_CONVERSION = YES;
				CLANG_WARN_OBJC_ROOT_CLASS = YES_ERROR;
				CLANG_WARN_UNREACHABLE_CODE = YES;
				CLANG_WARN__DUPLICATE_METHOD_MATCH = YES;
				"CODE_SIGN_IDENTITY[sdk=iphoneos*]" = "iPhone Developer";
				COPY_PHASE_STRIP = NO;
				DEBUG_INFORMATION_FORMAT = "dwarf-with-dsym";
				ENABLE_NS_ASSERTIONS = NO;
				ENABLE_STRICT_OBJC_MSGSEND = YES;
				GCC_C_LANGUAGE_STANDARD = gnu99;
				GCC_NO_COMMON_BLOCKS = YES;
				GCC_WARN_64_TO_32_BIT_CONVERSION = YES;
				GCC_WARN_ABOUT_RETURN_TYPE = YES_ERROR;
				GCC_WARN_UNDECLARED_SELECTOR = YES;
				GCC_WARN_UNINITIALIZED_AUTOS = YES_AGGRESSIVE;
				GCC_WARN_UNUSED_FUNCTION = YES;
				GCC_WARN_UNUSED_VARIABLE = YES;
				IPHONEOS_DEPLOYMENT_TARGET = 8.4;
				MTL_ENABLE_DEBUG_INFO = NO;
				SDKROOT = iphoneos;
				TARGETED_DEVICE_FAMILY = "1,2";
				VALIDATE_PRODUCT = YES;
			};
			name = Release;
		};
		67643C3C1B6C82DC00D0807D /* Debug */ = {
			isa = XCBuildConfiguration;
			buildSettings = {
				ASSETCATALOG_COMPILER_APPICON_NAME = AppIcon;
				INFOPLIST_FILE = HackathonDemos/Info.plist;
				LD_RUNPATH_SEARCH_PATHS = "$(inherited) @executable_path/Frameworks";
				PRODUCT_NAME = "$(TARGET_NAME)";
			};
			name = Debug;
		};
		67643C3D1B6C82DC00D0807D /* Release */ = {
			isa = XCBuildConfiguration;
			buildSettings = {
				ASSETCATALOG_COMPILER_APPICON_NAME = AppIcon;
				INFOPLIST_FILE = HackathonDemos/Info.plist;
				LD_RUNPATH_SEARCH_PATHS = "$(inherited) @executable_path/Frameworks";
				PRODUCT_NAME = "$(TARGET_NAME)";
			};
			name = Release;
		};
		67643C3F1B6C82DC00D0807D /* Debug */ = {
			isa = XCBuildConfiguration;
			buildSettings = {
				BUNDLE_LOADER = "$(TEST_HOST)";
				FRAMEWORK_SEARCH_PATHS = (
					"$(SDKROOT)/Developer/Library/Frameworks",
					"$(inherited)",
				);
				GCC_PREPROCESSOR_DEFINITIONS = (
					"DEBUG=1",
					"$(inherited)",
				);
				INFOPLIST_FILE = HackathonDemosTests/Info.plist;
				LD_RUNPATH_SEARCH_PATHS = "$(inherited) @executable_path/Frameworks @loader_path/Frameworks";
				PRODUCT_NAME = "$(TARGET_NAME)";
				TEST_HOST = "$(BUILT_PRODUCTS_DIR)/HackathonDemos.app/HackathonDemos";
			};
			name = Debug;
		};
		67643C401B6C82DC00D0807D /* Release */ = {
			isa = XCBuildConfiguration;
			buildSettings = {
				BUNDLE_LOADER = "$(TEST_HOST)";
				FRAMEWORK_SEARCH_PATHS = (
					"$(SDKROOT)/Developer/Library/Frameworks",
					"$(inherited)",
				);
				INFOPLIST_FILE = HackathonDemosTests/Info.plist;
				LD_RUNPATH_SEARCH_PATHS = "$(inherited) @executable_path/Frameworks @loader_path/Frameworks";
				PRODUCT_NAME = "$(TARGET_NAME)";
				TEST_HOST = "$(BUILT_PRODUCTS_DIR)/HackathonDemos.app/HackathonDemos";
			};
			name = Release;
		};
/* End XCBuildConfiguration section */

/* Begin XCConfigurationList section */
		67643C171B6C82DC00D0807D /* Build configuration list for PBXProject "HackathonDemos" */ = {
			isa = XCConfigurationList;
			buildConfigurations = (
				67643C391B6C82DC00D0807D /* Debug */,
				67643C3A1B6C82DC00D0807D /* Release */,
			);
			defaultConfigurationIsVisible = 0;
			defaultConfigurationName = Release;
		};
		67643C3B1B6C82DC00D0807D /* Build configuration list for PBXNativeTarget "HackathonDemos" */ = {
			isa = XCConfigurationList;
			buildConfigurations = (
				67643C3C1B6C82DC00D0807D /* Debug */,
				67643C3D1B6C82DC00D0807D /* Release */,
			);
			defaultConfigurationIsVisible = 0;
		};
		67643C3E1B6C82DC00D0807D /* Build configuration list for PBXNativeTarget "HackathonDemosTests" */ = {
			isa = XCConfigurationList;
			buildConfigurations = (
				67643C3F1B6C82DC00D0807D /* Debug */,
				67643C401B6C82DC00D0807D /* Release */,
			);
			defaultConfigurationIsVisible = 0;
		};
/* End XCConfigurationList section */
	};
	rootObject = 67643C141B6C82DC00D0807D /* Project object */;
}
